
Microsoft Visual Studio Solution File, Format Version 12.00
# Visual Studio Version 17
VisualStudioVersion = 17.8.34408.163
MinimumVisualStudioVersion = 10.0.40219.1
Project("{FAE04EC0-301F-11D3-BF4B-00C04F79EFBC}") = "WpfEjednevnik", "WpfEjednevnik.csproj", "{A134E9A5-F4B5-4298-A6BD-92FA5AE0741F}"
EndProject
Global
	GlobalSection(SolutionConfigurationPlatforms) = preSolution
		Debug|Any CPU = Debug|Any CPU
		Release|Any CPU = Release|Any CPU
	EndGlobalSection
	GlobalSection(ProjectConfigurationPlatforms) = postSolution
		{A134E9A5-F4B5-4298-A6BD-92FA5AE0741F}.Debug|Any CPU.ActiveCfg = Debug|Any CPU
		{A134E9A5-F4B5-4298-A6BD-92FA5AE0741F}.Debug|Any CPU.Build.0 = Debug|Any CPU
		{A134E9A5-F4B5-4298-A6BD-92FA5AE0741F}.Release|Any CPU.ActiveCfg = Release|Any CPU
		{A134E9A5-F4B5-4298-A6BD-92FA5AE0741F}.Release|Any CPU.Build.0 = Release|Any CPU
	EndGlobalSection
	GlobalSection(SolutionProperties) = preSolution
		HideSolutionNode = FALSE
	EndGlobalSection
	GlobalSection(ExtensibilityGlobals) = postSolution
		SolutionGuid = {DFDCD759-83C1-40A1-A685-BC35E03BB3BB}
	EndGlobalSection
EndGlobal
